
Microsoft Visual Studio Solution File, Format Version 12.00
# Visual Studio Version 16
VisualStudioVersion = 16.0.30114.105
MinimumVisualStudioVersion = 10.0.40219.1
Project("{FAE04EC0-301F-11D3-BF4B-00C04F79EFBC}") = "Olimpiada", "Olimpiada\Olimpiada.csproj", "{EBD6F1DC-C68A-449C-93A0-8756940B2DD9}"
EndProject
Global
	GlobalSection(SolutionConfigurationPlatforms) = preSolution
		Debug|Any CPU = Debug|Any CPU
		Release|Any CPU = Release|Any CPU
	EndGlobalSection
	GlobalSection(SolutionProperties) = preSolution
		HideSolutionNode = FALSE
	EndGlobalSection
	GlobalSection(ProjectConfigurationPlatforms) = postSolution
		{EBD6F1DC-C68A-449C-93A0-8756940B2DD9}.Debug|Any CPU.ActiveCfg = Debug|Any CPU
		{EBD6F1DC-C68A-449C-93A0-8756940B2DD9}.Debug|Any CPU.Build.0 = Debug|Any CPU
		{EBD6F1DC-C68A-449C-93A0-8756940B2DD9}.Release|Any CPU.ActiveCfg = Release|Any CPU
		{EBD6F1DC-C68A-449C-93A0-8756940B2DD9}.Release|Any CPU.Build.0 = Release|Any CPU
	EndGlobalSection
EndGlobal
